// !$*UTF8*$!
{
	archiveVersion = 1;
	classes = {
	};
	objectVersion = 54;
	objects = {

/* Begin PBXBuildFile section */
		3107E0732951F3D90023E663 /* OSLog.swift in Sources */ = {isa = PBXBuildFile; fileRef = 3107E0722951F3D90023E663 /* OSLog.swift */; };
		3107EC96295C439B00020611 /* BroadcastListModel.swift in Sources */ = {isa = PBXBuildFile; fileRef = 3107EC95295C439B00020611 /* BroadcastListModel.swift */; };
		310D7F3129275F2B00FD7C1C /* AuthError.swift in Sources */ = {isa = PBXBuildFile; fileRef = 310D7F3029275F2B00FD7C1C /* AuthError.swift */; };
		316EE548292D3ABA009F6168 /* NavigationBar.swift in Sources */ = {isa = PBXBuildFile; fileRef = 316EE547292D3ABA009F6168 /* NavigationBar.swift */; };
		316EE54A292D3B34009F6168 /* ColorSheme.swift in Sources */ = {isa = PBXBuildFile; fileRef = 316EE549292D3B34009F6168 /* ColorSheme.swift */; };
		316EE54C292D3B7F009F6168 /* BackButton.swift in Sources */ = {isa = PBXBuildFile; fileRef = 316EE54B292D3B7F009F6168 /* BackButton.swift */; };
		318E453A29588A1000FB0AA2 /* UpdateBroadcastView.swift in Sources */ = {isa = PBXBuildFile; fileRef = 318E453929588A1000FB0AA2 /* UpdateBroadcastView.swift */; };
		318E453C29588E1700FB0AA2 /* BroadcastContentView.swift in Sources */ = {isa = PBXBuildFile; fileRef = 318E453B29588E1700FB0AA2 /* BroadcastContentView.swift */; };
		31900E91295582F900C2EC71 /* RadioButtonGroup.swift in Sources */ = {isa = PBXBuildFile; fileRef = 31900E90295582F900C2EC71 /* RadioButtonGroup.swift */; };
		31900E962955CF9400C2EC71 /* VideoDetailsView.swift in Sources */ = {isa = PBXBuildFile; fileRef = 31900E952955CF9400C2EC71 /* VideoDetailsView.swift */; };
		31900E982955D18000C2EC71 /* VideoDetailsViewModel.swift in Sources */ = {isa = PBXBuildFile; fileRef = 31900E972955D18000C2EC71 /* VideoDetailsViewModel.swift */; };
		3192764E2956DA6B00C196D9 /* ThumbnailImage.swift in Sources */ = {isa = PBXBuildFile; fileRef = 3192764D2956DA6B00C196D9 /* ThumbnailImage.swift */; };
		3192C4A8294B38E2005E062D /* ButtonStyles.swift in Sources */ = {isa = PBXBuildFile; fileRef = 3192C4A7294B38E2005E062D /* ButtonStyles.swift */; };
		31965253295407C400B2C891 /* LiveBroadcastactive.json in Resources */ = {isa = PBXBuildFile; fileRef = 31965252295407C400B2C891 /* LiveBroadcastactive.json */; };
		31965256295435A400B2C891 /* SideMenu.swift in Sources */ = {isa = PBXBuildFile; fileRef = 31965254295432E400B2C891 /* SideMenu.swift */; };
		31965258295436D200B2C891 /* SideMenuButton.swift in Sources */ = {isa = PBXBuildFile; fileRef = 31965257295436D200B2C891 /* SideMenuButton.swift */; };
		3196525B295462A100B2C891 /* MenuContent.swift in Sources */ = {isa = PBXBuildFile; fileRef = 3196525A295462A100B2C891 /* MenuContent.swift */; };
		3196525D2954702C00B2C891 /* LogOutButton.swift in Sources */ = {isa = PBXBuildFile; fileRef = 3196525C2954702C00B2C891 /* LogOutButton.swift */; };
		3196525E29549EA200B2C891 /* LiveBroadcastactive.json in Resources */ = {isa = PBXBuildFile; fileRef = 31965252295407C400B2C891 /* LiveBroadcastactive.json */; };
		7F0933CF24574FCB00FB5579 /* SignInService.swift in Sources */ = {isa = PBXBuildFile; fileRef = 7F0933CE24574FCB00FB5579 /* SignInService.swift */; };
		7F11514328F2DE7A0013D2F7 /* VideoListView.swift in Sources */ = {isa = PBXBuildFile; fileRef = 7F11514228F2DE7A0013D2F7 /* VideoListView.swift */; };
		7F16188A286C473C0004D0B6 /* .swiftlint.yml in Resources */ = {isa = PBXBuildFile; fileRef = 7F161889286C473C0004D0B6 /* .swiftlint.yml */; };
		7F1E96BC2546B8BF00638965 /* Date+Ext.swift in Sources */ = {isa = PBXBuildFile; fileRef = 7F1E96AF2546B8BF00638965 /* Date+Ext.swift */; };
		7F1E96C02546B8BF00638965 /* UIView+YYAdd.m in Sources */ = {isa = PBXBuildFile; fileRef = 7F1E96B52546B8BF00638965 /* UIView+YYAdd.m */; };
		7F1E96C12546B8BF00638965 /* Color+Ext.swift in Sources */ = {isa = PBXBuildFile; fileRef = 7F1E96B62546B8BF00638965 /* Color+Ext.swift */; };
		7F1E96C32546B8BF00638965 /* UIControl+YYAdd.m in Sources */ = {isa = PBXBuildFile; fileRef = 7F1E96B82546B8BF00638965 /* UIControl+YYAdd.m */; };
		7F1E96C42546B8BF00638965 /* EnumIteration.swift in Sources */ = {isa = PBXBuildFile; fileRef = 7F1E96B92546B8BF00638965 /* EnumIteration.swift */; };
		7F1E96C72546B95A00638965 /* Constants.swift in Sources */ = {isa = PBXBuildFile; fileRef = 7F1E96C62546B95A00638965 /* Constants.swift */; };
		7F2439F624580FA500C1FB17 /* VideoListViewModel.swift in Sources */ = {isa = PBXBuildFile; fileRef = 7F2439F524580FA500C1FB17 /* VideoListViewModel.swift */; };
		7F4C22B32869CEE500F29118 /* SwiftGoogleSignIn in Frameworks */ = {isa = PBXBuildFile; productRef = 7F4C22B22869CEE500F29118 /* SwiftGoogleSignIn */; };
		7F5296382858A17F00548281 /* LogInView.swift in Sources */ = {isa = PBXBuildFile; fileRef = 7F5296372858A17F00548281 /* LogInView.swift */; };
		7F53B1AA2030724200E09CFA /* LaunchScreen.storyboard in Resources */ = {isa = PBXBuildFile; fileRef = 7F53B1A62030724200E09CFA /* LaunchScreen.storyboard */; };
		7F53B1B12030B38100E09CFA /* BroadcastListFetcher.swift in Sources */ = {isa = PBXBuildFile; fileRef = 7F53B1B02030B38100E09CFA /* BroadcastListFetcher.swift */; };
		7F73C8E92654D66900715F9A /* VideoControllerViewModel.swift in Sources */ = {isa = PBXBuildFile; fileRef = 7F73C8E82654D66900715F9A /* VideoControllerViewModel.swift */; };
		7F79C8A6254802FB0044CF81 /* BroadcastsDataFetcherProtocol.swift in Sources */ = {isa = PBXBuildFile; fileRef = 7F79C8A5254802FB0044CF81 /* BroadcastsDataFetcherProtocol.swift */; };
		7F79FE42265E6BB1002FA510 /* loadMockData.swift in Sources */ = {isa = PBXBuildFile; fileRef = 7F79FE41265E6BB1002FA510 /* loadMockData.swift */; };
		7F7D436B2573A3AE00CC7642 /* LiveEventsTests.swift in Sources */ = {isa = PBXBuildFile; fileRef = 7F7D436A2573A3AE00CC7642 /* LiveEventsTests.swift */; };
		7F83E34D1DBDD49100DE4102 /* LiveStreamingViewModel.swift in Sources */ = {isa = PBXBuildFile; fileRef = 7F83E3491DBDD49100DE4102 /* LiveStreamingViewModel.swift */; };
		7F8CEC73291803B8009DAAC6 /* DecimalTextField.swift in Sources */ = {isa = PBXBuildFile; fileRef = 7F8CEC72291803B8009DAAC6 /* DecimalTextField.swift */; };
		7F91D0F6287A80C3007E7A29 /* YTLiveStreaming in Frameworks */ = {isa = PBXBuildFile; productRef = 7F91D0F5287A80C3007E7A29 /* YTLiveStreaming */; };
		7F9274B31DBDCAD00051DE6B /* Assets.xcassets in Resources */ = {isa = PBXBuildFile; fileRef = 7F9274B21DBDCAD00051DE6B /* Assets.xcassets */; };
		7F98F6B228F913B400AF6858 /* NewBroadcastView.swift in Sources */ = {isa = PBXBuildFile; fileRef = 7F98F6B128F913B400AF6858 /* NewBroadcastView.swift */; };
		7F9A91D42609AAB90036CA0B /* YouTubeHelpers.swift in Sources */ = {isa = PBXBuildFile; fileRef = 7F9A91D32609AAB90036CA0B /* YouTubeHelpers.swift */; };
		7FA64500287EF493009E76F5 /* ReSwift in Frameworks */ = {isa = PBXBuildFile; productRef = 7FA644FF287EF493009E76F5 /* ReSwift */; };
		7FA74D60260B3C0E0069DA8A /* BroadcastModel.swift in Sources */ = {isa = PBXBuildFile; fileRef = 7FA74D5F260B3C0E0069DA8A /* BroadcastModel.swift */; };
		7FA8C85D2916A7A90079C174 /* NewBroadcastViewModel.swift in Sources */ = {isa = PBXBuildFile; fileRef = 7FA8C85C2916A7A90079C174 /* NewBroadcastViewModel.swift */; };
		7FAEE3482887AADF00770924 /* AuthState.swift in Sources */ = {isa = PBXBuildFile; fileRef = 7FAEE3472887AADF00770924 /* AuthState.swift */; };
		7FAEE35028883EA300770924 /* AuthReduxStore.swift in Sources */ = {isa = PBXBuildFile; fileRef = 7FAEE34D28883EA100770924 /* AuthReduxStore.swift */; };
		7FAEE35128883EA300770924 /* AuthAction.swift in Sources */ = {isa = PBXBuildFile; fileRef = 7FAEE34E28883EA200770924 /* AuthAction.swift */; };
		7FAEE35228883EA300770924 /* AuthReducer.swift in Sources */ = {isa = PBXBuildFile; fileRef = 7FAEE34F28883EA300770924 /* AuthReducer.swift */; };
		7FAEE354288CC1E000770924 /* UserDefaultsValue.swift in Sources */ = {isa = PBXBuildFile; fileRef = 7FAEE353288CC1DF00770924 /* UserDefaultsValue.swift */; };
		7FAF9E92246187B900C8B81B /* Config.plist in Resources */ = {isa = PBXBuildFile; fileRef = 7FAF9E91246187B900C8B81B /* Config.plist */; };
		7FBC71792653DB9B001DDAE7 /* VideoControllerView.swift in Sources */ = {isa = PBXBuildFile; fileRef = 7FBC71782653DB9B001DDAE7 /* VideoControllerView.swift */; };
		7FC6B7F228EE981900C20F74 /* LoadingIndicator.swift in Sources */ = {isa = PBXBuildFile; fileRef = 7FC6B7F128EE981900C20F74 /* LoadingIndicator.swift */; };
		7FC6B7F628EEE59000C20F74 /* LiveBroadcastcompleted.json in Resources */ = {isa = PBXBuildFile; fileRef = 7FC6B7F328EEE58F00C20F74 /* LiveBroadcastcompleted.json */; };
		7FC6B7F728EEE59000C20F74 /* LiveBroadcastAll.json in Resources */ = {isa = PBXBuildFile; fileRef = 7FC6B7F428EEE58F00C20F74 /* LiveBroadcastAll.json */; };
		7FC6B7F828EEE59000C20F74 /* LiveBroadcastupcoming.json in Resources */ = {isa = PBXBuildFile; fileRef = 7FC6B7F528EEE58F00C20F74 /* LiveBroadcastupcoming.json */; };
		7FC6B7F928EEEA5900C20F74 /* LiveBroadcastcompleted.json in Resources */ = {isa = PBXBuildFile; fileRef = 7FC6B7F328EEE58F00C20F74 /* LiveBroadcastcompleted.json */; };
		7FC6B7FA28EEEA5900C20F74 /* LiveBroadcastAll.json in Resources */ = {isa = PBXBuildFile; fileRef = 7FC6B7F428EEE58F00C20F74 /* LiveBroadcastAll.json */; };
		7FC6B7FB28EEEA5900C20F74 /* LiveBroadcastupcoming.json in Resources */ = {isa = PBXBuildFile; fileRef = 7FC6B7F528EEE58F00C20F74 /* LiveBroadcastupcoming.json */; };
		7FCF0A302642BC0400B4E551 /* LiveBroadcastListTests.swift in Sources */ = {isa = PBXBuildFile; fileRef = 7FCF0A2F2642BC0400B4E551 /* LiveBroadcastListTests.swift */; };
		7FCFD6642868011600F61B48 /* YTApiProvider.swift in Sources */ = {isa = PBXBuildFile; fileRef = 7FCFD6632868011600F61B48 /* YTApiProvider.swift */; };
		7FD974DD28D4BCFE00E8E16E /* MenuViewModel.swift in Sources */ = {isa = PBXBuildFile; fileRef = 7FD974DC28D4BCFE00E8E16E /* MenuViewModel.swift */; };
		7FD974DF28D58BBD00E8E16E /* AvatarImageView.swift in Sources */ = {isa = PBXBuildFile; fileRef = 7FD974DE28D58BBD00E8E16E /* AvatarImageView.swift */; };
		7FD974E328D6958B00E8E16E /* LogInViewModel.swift in Sources */ = {isa = PBXBuildFile; fileRef = 7FD974E228D6958B00E8E16E /* LogInViewModel.swift */; };
		7FDCF9862546BF1400D5B492 /* LVError.swift in Sources */ = {isa = PBXBuildFile; fileRef = 7FDCF9852546BF1400D5B492 /* LVError.swift */; };
		7FE331E22647B33F00D412AE /* VideoListMockData.swift in Sources */ = {isa = PBXBuildFile; fileRef = 7FE331E12647B33F00D412AE /* VideoListMockData.swift */; };
		7FFA59882861DDDF00D2F4FE /* MainBodyView.swift in Sources */ = {isa = PBXBuildFile; fileRef = 7FFA59862861DDDE00D2F4FE /* MainBodyView.swift */; };
		A0B1C2D3E4F5061728394A03 /* HaishinKit in Frameworks */ = {isa = PBXBuildFile; productRef = A0B1C2D3E4F5061728394A02 /* HaishinKit */; };
		A0B1C2D3E4F5061728394A13 /* YouTubeiOSPlayerHelper in Frameworks */ = {isa = PBXBuildFile; productRef = A0B1C2D3E4F5061728394A12 /* YouTubeiOSPlayerHelper */; };
		A1B2C3D4E5F60718293A4B5C /* LivePreviewView.swift in Sources */ = {isa = PBXBuildFile; fileRef = A1B2C3D4E5F60718293A4B5D /* LivePreviewView.swift */; };
		FACE2E5D41E9F7CD87E02C19 /* Scenes/YouTubeVideoPlayer/Interactor/YouTubePlayer.swift in Sources */ = {isa = PBXBuildFile; fileRef = FACECD08396D6F1A011E4267 /* Scenes/YouTubeVideoPlayer/Interactor/YouTubePlayer.swift */; };
		FACE308C690F08572BE0AF60 /* Scenes/AppEnvironment.swift in Sources */ = {isa = PBXBuildFile; fileRef = FACE03B0D2AA494BC404526F /* Scenes/AppEnvironment.swift */; };
		FACE3512FD576E96F8EF416A /* Scenes/LiveStreaming/View/LiveStreamView.swift in Sources */ = {isa = PBXBuildFile; fileRef = FACE3CF0AC9FE942F0CD49DA /* Scenes/LiveStreaming/View/LiveStreamView.swift */; };
		FACE7C354191A26F27DC4D14 /* Scenes/LiveStreaming/LiveRoute.swift in Sources */ = {isa = PBXBuildFile; fileRef = FACECDFF1F2C3504D6190E6D /* Scenes/LiveStreaming/LiveRoute.swift */; };
		FACE833F54BEE24983440CDB /* LiveEventsApp.swift in Sources */ = {isa = PBXBuildFile; fileRef = FACEDF00FC21681369665767 /* LiveEventsApp.swift */; };
		FACEA5E0B0490E94EC387ACE /* Scenes/YouTubeVideoPlayer/View/PlayerViewRepresentable.swift in Sources */ = {isa = PBXBuildFile; fileRef = FACE23D7EA73C33FEC7E80D5 /* Scenes/YouTubeVideoPlayer/View/PlayerViewRepresentable.swift */; };
		FACEDCD98A018DADD8CEFE22 /* Extensions/UIApplication+Ext.swift in Sources */ = {isa = PBXBuildFile; fileRef = FACE74C8A168DC7C5C196DC5 /* Extensions/UIApplication+Ext.swift */; };
		FACEF484AB3C8F1103B40EDE /* Scenes/LiveStreaming/View/LivePreviewRepresentable.swift in Sources */ = {isa = PBXBuildFile; fileRef = FACE905F23DCEA2DD58D25D3 /* Scenes/LiveStreaming/View/LivePreviewRepresentable.swift */; };
/* End PBXBuildFile section */

/* Begin PBXContainerItemProxy section */
		7F7D436D2573A3AE00CC7642 /* PBXContainerItemProxy */ = {
			isa = PBXContainerItemProxy;
			containerPortal = 7F9274A01DBDCAD00051DE6B /* Project object */;
			proxyType = 1;
			remoteGlobalIDString = 7F9274A71DBDCAD00051DE6B;
			remoteInfo = YouTubeLiveVideo;
		};
/* End PBXContainerItemProxy section */

/* Begin PBXCopyFilesBuildPhase section */
		7F0478C11DD599DD00AB6211 /* Embed Frameworks */ = {
			isa = PBXCopyFilesBuildPhase;
			buildActionMask = 2147483647;
			dstPath = "";
			dstSubfolderSpec = 10;
			files = (
			);
			name = "Embed Frameworks";
			runOnlyForDeploymentPostprocessing = 0;
		};
/* End PBXCopyFilesBuildPhase section */

/* Begin PBXFileReference section */
		3107E0722951F3D90023E663 /* OSLog.swift */ = {isa = PBXFileReference; lastKnownFileType = sourcecode.swift; path = OSLog.swift; sourceTree = "<group>"; };
		3107EC95295C439B00020611 /* BroadcastListModel.swift */ = {isa = PBXFileReference; fileEncoding = 4; lastKnownFileType = sourcecode.swift; path = BroadcastListModel.swift; sourceTree = "<group>"; };
		310D7F3029275F2B00FD7C1C /* AuthError.swift */ = {isa = PBXFileReference; fileEncoding = 4; lastKnownFileType = sourcecode.swift; path = AuthError.swift; sourceTree = "<group>"; };
		316EE547292D3ABA009F6168 /* NavigationBar.swift */ = {isa = PBXFileReference; lastKnownFileType = sourcecode.swift; path = NavigationBar.swift; sourceTree = "<group>"; };
		316EE549292D3B34009F6168 /* ColorSheme.swift */ = {isa = PBXFileReference; lastKnownFileType = sourcecode.swift; path = ColorSheme.swift; sourceTree = "<group>"; };
		316EE54B292D3B7F009F6168 /* BackButton.swift */ = {isa = PBXFileReference; lastKnownFileType = sourcecode.swift; path = BackButton.swift; sourceTree = "<group>"; };
		318E453929588A1000FB0AA2 /* UpdateBroadcastView.swift */ = {isa = PBXFileReference; lastKnownFileType = sourcecode.swift; path = UpdateBroadcastView.swift; sourceTree = "<group>"; };
		318E453B29588E1700FB0AA2 /* BroadcastContentView.swift */ = {isa = PBXFileReference; lastKnownFileType = sourcecode.swift; path = BroadcastContentView.swift; sourceTree = "<group>"; };
		31900E90295582F900C2EC71 /* RadioButtonGroup.swift */ = {isa = PBXFileReference; lastKnownFileType = sourcecode.swift; path = RadioButtonGroup.swift; sourceTree = "<group>"; };
		31900E952955CF9400C2EC71 /* VideoDetailsView.swift */ = {isa = PBXFileReference; lastKnownFileType = sourcecode.swift; path = VideoDetailsView.swift; sourceTree = "<group>"; };
		31900E972955D18000C2EC71 /* VideoDetailsViewModel.swift */ = {isa = PBXFileReference; lastKnownFileType = sourcecode.swift; path = VideoDetailsViewModel.swift; sourceTree = "<group>"; };
		3192764D2956DA6B00C196D9 /* ThumbnailImage.swift */ = {isa = PBXFileReference; lastKnownFileType = sourcecode.swift; path = ThumbnailImage.swift; sourceTree = "<group>"; };
		3192C4A7294B38E2005E062D /* ButtonStyles.swift */ = {isa = PBXFileReference; fileEncoding = 4; lastKnownFileType = sourcecode.swift; path = ButtonStyles.swift; sourceTree = "<group>"; };
		31965252295407C400B2C891 /* LiveBroadcastactive.json */ = {isa = PBXFileReference; fileEncoding = 4; lastKnownFileType = text.json; path = LiveBroadcastactive.json; sourceTree = "<group>"; };
		31965254295432E400B2C891 /* SideMenu.swift */ = {isa = PBXFileReference; fileEncoding = 4; lastKnownFileType = sourcecode.swift; path = SideMenu.swift; sourceTree = "<group>"; };
		31965257295436D200B2C891 /* SideMenuButton.swift */ = {isa = PBXFileReference; fileEncoding = 4; lastKnownFileType = sourcecode.swift; path = SideMenuButton.swift; sourceTree = "<group>"; };
		3196525A295462A100B2C891 /* MenuContent.swift */ = {isa = PBXFileReference; lastKnownFileType = sourcecode.swift; path = MenuContent.swift; sourceTree = "<group>"; };
		3196525C2954702C00B2C891 /* LogOutButton.swift */ = {isa = PBXFileReference; lastKnownFileType = sourcecode.swift; path = LogOutButton.swift; sourceTree = "<group>"; };
		7F0933CE24574FCB00FB5579 /* SignInService.swift */ = {isa = PBXFileReference; lastKnownFileType = sourcecode.swift; path = SignInService.swift; sourceTree = "<group>"; };
		7F11514228F2DE7A0013D2F7 /* VideoListView.swift */ = {isa = PBXFileReference; lastKnownFileType = sourcecode.swift; path = VideoListView.swift; sourceTree = "<group>"; };
		7F161889286C473C0004D0B6 /* .swiftlint.yml */ = {isa = PBXFileReference; fileEncoding = 4; lastKnownFileType = text.yaml; path = .swiftlint.yml; sourceTree = SOURCE_ROOT; };
		7F1E96AF2546B8BF00638965 /* Date+Ext.swift */ = {isa = PBXFileReference; fileEncoding = 4; lastKnownFileType = sourcecode.swift; path = "Date+Ext.swift"; sourceTree = "<group>"; };
		7F1E96B22546B8BF00638965 /* UIControl+YYAdd.h */ = {isa = PBXFileReference; fileEncoding = 4; lastKnownFileType = sourcecode.c.h; path = "UIControl+YYAdd.h"; sourceTree = "<group>"; };
		7F1E96B52546B8BF00638965 /* UIView+YYAdd.m */ = {isa = PBXFileReference; fileEncoding = 4; lastKnownFileType = sourcecode.c.objc; path = "UIView+YYAdd.m"; sourceTree = "<group>"; };
		7F1E96B62546B8BF00638965 /* Color+Ext.swift */ = {isa = PBXFileReference; fileEncoding = 4; lastKnownFileType = sourcecode.swift; path = "Color+Ext.swift"; sourceTree = "<group>"; };
		7F1E96B82546B8BF00638965 /* UIControl+YYAdd.m */ = {isa = PBXFileReference; fileEncoding = 4; lastKnownFileType = sourcecode.c.objc; path = "UIControl+YYAdd.m"; sourceTree = "<group>"; };
		7F1E96B92546B8BF00638965 /* EnumIteration.swift */ = {isa = PBXFileReference; fileEncoding = 4; lastKnownFileType = sourcecode.swift; path = EnumIteration.swift; sourceTree = "<group>"; };
		7F1E96BA2546B8BF00638965 /* UIView+YYAdd.h */ = {isa = PBXFileReference; fileEncoding = 4; lastKnownFileType = sourcecode.c.h; path = "UIView+YYAdd.h"; sourceTree = "<group>"; };
		7F1E96C62546B95A00638965 /* Constants.swift */ = {isa = PBXFileReference; fileEncoding = 4; lastKnownFileType = sourcecode.swift; path = Constants.swift; sourceTree = SOURCE_ROOT; };
		7F2439F524580FA500C1FB17 /* VideoListViewModel.swift */ = {isa = PBXFileReference; lastKnownFileType = sourcecode.swift; path = VideoListViewModel.swift; sourceTree = "<group>"; };
		7F5296372858A17F00548281 /* LogInView.swift */ = {isa = PBXFileReference; lastKnownFileType = sourcecode.swift; path = LogInView.swift; sourceTree = "<group>"; };
		7F53B1A72030724200E09CFA /* Base */ = {isa = PBXFileReference; lastKnownFileType = file.storyboard; name = Base; path = Base.lproj/LaunchScreen.storyboard; sourceTree = "<group>"; };
		7F53B1B02030B38100E09CFA /* BroadcastListFetcher.swift */ = {isa = PBXFileReference; lastKnownFileType = sourcecode.swift; path = BroadcastListFetcher.swift; sourceTree = "<group>"; };
		7F563B5C286C1DB100F0901D /* README.md */ = {isa = PBXFileReference; fileEncoding = 4; lastKnownFileType = net.daringfireball.markdown; path = README.md; sourceTree = SOURCE_ROOT; };
		7F563B5E286C217700F0901D /* .gitignore */ = {isa = PBXFileReference; lastKnownFileType = text; path = .gitignore; sourceTree = SOURCE_ROOT; };
		7F68E8DE285F240A000022F5 /* Info.plist */ = {isa = PBXFileReference; lastKnownFileType = text.plist; path = Info.plist; sourceTree = SOURCE_ROOT; };
		7F73C8E82654D66900715F9A /* VideoControllerViewModel.swift */ = {isa = PBXFileReference; lastKnownFileType = sourcecode.swift; path = VideoControllerViewModel.swift; sourceTree = "<group>"; };
		7F79C8A5254802FB0044CF81 /* BroadcastsDataFetcherProtocol.swift */ = {isa = PBXFileReference; lastKnownFileType = sourcecode.swift; path = BroadcastsDataFetcherProtocol.swift; sourceTree = "<group>"; };
		7F79FE41265E6BB1002FA510 /* loadMockData.swift */ = {isa = PBXFileReference; lastKnownFileType = sourcecode.swift; path = loadMockData.swift; sourceTree = "<group>"; };
		7F7D43682573A3AE00CC7642 /* LiveEventsTests.xctest */ = {isa = PBXFileReference; explicitFileType = wrapper.cfbundle; includeInIndex = 0; path = LiveEventsTests.xctest; sourceTree = BUILT_PRODUCTS_DIR; };
		7F7D436A2573A3AE00CC7642 /* LiveEventsTests.swift */ = {isa = PBXFileReference; lastKnownFileType = sourcecode.swift; path = LiveEventsTests.swift; sourceTree = "<group>"; };
		7F7D436C2573A3AE00CC7642 /* Info.plist */ = {isa = PBXFileReference; lastKnownFileType = text.plist.xml; path = Info.plist; sourceTree = "<group>"; };
		7F83E3491DBDD49100DE4102 /* LiveStreamingViewModel.swift */ = {isa = PBXFileReference; fileEncoding = 4; lastKnownFileType = sourcecode.swift; path = LiveStreamingViewModel.swift; sourceTree = "<group>"; };
		7F8CEC72291803B8009DAAC6 /* DecimalTextField.swift */ = {isa = PBXFileReference; lastKnownFileType = sourcecode.swift; path = DecimalTextField.swift; sourceTree = "<group>"; };
		7F9274A81DBDCAD00051DE6B /* LiveEvents.app */ = {isa = PBXFileReference; explicitFileType = wrapper.application; includeInIndex = 0; path = LiveEvents.app; sourceTree = BUILT_PRODUCTS_DIR; };
		7F9274B21DBDCAD00051DE6B /* Assets.xcassets */ = {isa = PBXFileReference; lastKnownFileType = folder.assetcatalog; path = Assets.xcassets; sourceTree = "<group>"; };
		7F98F6B128F913B400AF6858 /* NewBroadcastView.swift */ = {isa = PBXFileReference; lastKnownFileType = sourcecode.swift; path = NewBroadcastView.swift; sourceTree = "<group>"; };
		7F9A91D32609AAB90036CA0B /* YouTubeHelpers.swift */ = {isa = PBXFileReference; lastKnownFileType = sourcecode.swift; path = YouTubeHelpers.swift; sourceTree = "<group>"; };
		7FA6450C28817702009E76F5 /* main.yml */ = {isa = PBXFileReference; lastKnownFileType = text.yaml; name = main.yml; path = .github/workflows/main.yml; sourceTree = SOURCE_ROOT; };
		7FA74D5F260B3C0E0069DA8A /* BroadcastModel.swift */ = {isa = PBXFileReference; lastKnownFileType = sourcecode.swift; path = BroadcastModel.swift; sourceTree = "<group>"; };
		7FA8C85C2916A7A90079C174 /* NewBroadcastViewModel.swift */ = {isa = PBXFileReference; lastKnownFileType = sourcecode.swift; path = NewBroadcastViewModel.swift; sourceTree = "<group>"; };
		7FAEE3472887AADF00770924 /* AuthState.swift */ = {isa = PBXFileReference; fileEncoding = 4; lastKnownFileType = sourcecode.swift; path = AuthState.swift; sourceTree = "<group>"; };
		7FAEE34D28883EA100770924 /* AuthReduxStore.swift */ = {isa = PBXFileReference; fileEncoding = 4; lastKnownFileType = sourcecode.swift; path = AuthReduxStore.swift; sourceTree = "<group>"; };
		7FAEE34E28883EA200770924 /* AuthAction.swift */ = {isa = PBXFileReference; fileEncoding = 4; lastKnownFileType = sourcecode.swift; path = AuthAction.swift; sourceTree = "<group>"; };
		7FAEE34F28883EA300770924 /* AuthReducer.swift */ = {isa = PBXFileReference; fileEncoding = 4; lastKnownFileType = sourcecode.swift; path = AuthReducer.swift; sourceTree = "<group>"; };
		7FAEE353288CC1DF00770924 /* UserDefaultsValue.swift */ = {isa = PBXFileReference; fileEncoding = 4; lastKnownFileType = sourcecode.swift; path = UserDefaultsValue.swift; sourceTree = "<group>"; };
		7FAF9E91246187B900C8B81B /* Config.plist */ = {isa = PBXFileReference; lastKnownFileType = text.plist; path = Config.plist; sourceTree = SOURCE_ROOT; };
		7FBC71782653DB9B001DDAE7 /* VideoControllerView.swift */ = {isa = PBXFileReference; fileEncoding = 4; lastKnownFileType = sourcecode.swift; path = VideoControllerView.swift; sourceTree = "<group>"; };
		7FC6B7F128EE981900C20F74 /* LoadingIndicator.swift */ = {isa = PBXFileReference; lastKnownFileType = sourcecode.swift; path = LoadingIndicator.swift; sourceTree = "<group>"; };
		7FC6B7F328EEE58F00C20F74 /* LiveBroadcastcompleted.json */ = {isa = PBXFileReference; fileEncoding = 4; lastKnownFileType = text.json; path = LiveBroadcastcompleted.json; sourceTree = "<group>"; };
		7FC6B7F428EEE58F00C20F74 /* LiveBroadcastAll.json */ = {isa = PBXFileReference; fileEncoding = 4; lastKnownFileType = text.json; path = LiveBroadcastAll.json; sourceTree = "<group>"; };
		7FC6B7F528EEE58F00C20F74 /* LiveBroadcastupcoming.json */ = {isa = PBXFileReference; fileEncoding = 4; lastKnownFileType = text.json; path = LiveBroadcastupcoming.json; sourceTree = "<group>"; };
		7FCF0A2F2642BC0400B4E551 /* LiveBroadcastListTests.swift */ = {isa = PBXFileReference; lastKnownFileType = sourcecode.swift; path = LiveBroadcastListTests.swift; sourceTree = "<group>"; };
		7FCFD6632868011600F61B48 /* YTApiProvider.swift */ = {isa = PBXFileReference; lastKnownFileType = sourcecode.swift; path = YTApiProvider.swift; sourceTree = "<group>"; };
		7FD974DC28D4BCFE00E8E16E /* MenuViewModel.swift */ = {isa = PBXFileReference; lastKnownFileType = sourcecode.swift; path = MenuViewModel.swift; sourceTree = "<group>"; };
		7FD974DE28D58BBD00E8E16E /* AvatarImageView.swift */ = {isa = PBXFileReference; lastKnownFileType = sourcecode.swift; path = AvatarImageView.swift; sourceTree = "<group>"; };
		7FD974E228D6958B00E8E16E /* LogInViewModel.swift */ = {isa = PBXFileReference; lastKnownFileType = sourcecode.swift; path = LogInViewModel.swift; sourceTree = "<group>"; };
		7FDCF9852546BF1400D5B492 /* LVError.swift */ = {isa = PBXFileReference; fileEncoding = 4; lastKnownFileType = sourcecode.swift; path = LVError.swift; sourceTree = "<group>"; };
		7FE331E12647B33F00D412AE /* VideoListMockData.swift */ = {isa = PBXFileReference; lastKnownFileType = sourcecode.swift; path = VideoListMockData.swift; sourceTree = "<group>"; };
		7FFA59862861DDDE00D2F4FE /* MainBodyView.swift */ = {isa = PBXFileReference; fileEncoding = 4; lastKnownFileType = sourcecode.swift; path = MainBodyView.swift; sourceTree = "<group>"; };
		A1B2C3D4E5F60718293A4B5D /* LivePreviewView.swift */ = {isa = PBXFileReference; fileEncoding = 4; lastKnownFileType = sourcecode.swift; path = LivePreviewView.swift; sourceTree = "<group>"; };
		FACE03B0D2AA494BC404526F /* Scenes/AppEnvironment.swift */ = {isa = PBXFileReference; lastKnownFileType = sourcecode.swift; path = Scenes/AppEnvironment.swift; sourceTree = SOURCE_ROOT; };
		FACE23D7EA73C33FEC7E80D5 /* Scenes/YouTubeVideoPlayer/View/PlayerViewRepresentable.swift */ = {isa = PBXFileReference; lastKnownFileType = sourcecode.swift; path = Scenes/YouTubeVideoPlayer/View/PlayerViewRepresentable.swift; sourceTree = SOURCE_ROOT; };
		FACE3CF0AC9FE942F0CD49DA /* Scenes/LiveStreaming/View/LiveStreamView.swift */ = {isa = PBXFileReference; lastKnownFileType = sourcecode.swift; path = Scenes/LiveStreaming/View/LiveStreamView.swift; sourceTree = SOURCE_ROOT; };
		FACE74C8A168DC7C5C196DC5 /* Extensions/UIApplication+Ext.swift */ = {isa = PBXFileReference; lastKnownFileType = sourcecode.swift; path = "Extensions/UIApplication+Ext.swift"; sourceTree = SOURCE_ROOT; };
		FACE905F23DCEA2DD58D25D3 /* Scenes/LiveStreaming/View/LivePreviewRepresentable.swift */ = {isa = PBXFileReference; lastKnownFileType = sourcecode.swift; path = Scenes/LiveStreaming/View/LivePreviewRepresentable.swift; sourceTree = SOURCE_ROOT; };
		FACECD08396D6F1A011E4267 /* Scenes/YouTubeVideoPlayer/Interactor/YouTubePlayer.swift */ = {isa = PBXFileReference; lastKnownFileType = sourcecode.swift; path = Scenes/YouTubeVideoPlayer/Interactor/YouTubePlayer.swift; sourceTree = SOURCE_ROOT; };
		FACECDFF1F2C3504D6190E6D /* Scenes/LiveStreaming/LiveRoute.swift */ = {isa = PBXFileReference; lastKnownFileType = sourcecode.swift; path = Scenes/LiveStreaming/LiveRoute.swift; sourceTree = SOURCE_ROOT; };
		FACEDF00FC21681369665767 /* LiveEventsApp.swift */ = {isa = PBXFileReference; lastKnownFileType = sourcecode.swift; path = LiveEventsApp.swift; sourceTree = SOURCE_ROOT; };
/* End PBXFileReference section */

/* Begin PBXFrameworksBuildPhase section */
		7F7D43652573A3AE00CC7642 /* Frameworks */ = {
			isa = PBXFrameworksBuildPhase;
			buildActionMask = 2147483647;
			files = (
			);
			runOnlyForDeploymentPostprocessing = 0;
		};
		7F9274A51DBDCAD00051DE6B /* Frameworks */ = {
			isa = PBXFrameworksBuildPhase;
			buildActionMask = 2147483647;
			files = (
				A0B1C2D3E4F5061728394A03 /* HaishinKit in Frameworks */,
				A0B1C2D3E4F5061728394A13 /* YouTubeiOSPlayerHelper in Frameworks */,
				7F4C22B32869CEE500F29118 /* SwiftGoogleSignIn in Frameworks */,
				7F91D0F6287A80C3007E7A29 /* YTLiveStreaming in Frameworks */,
				7FA64500287EF493009E76F5 /* ReSwift in Frameworks */,
			);
			runOnlyForDeploymentPostprocessing = 0;
		};
/* End PBXFrameworksBuildPhase section */

/* Begin PBXGroup section */
		3107EC93295C436700020611 /* Model */ = {
			isa = PBXGroup;
			children = (
				3107EC95295C439B00020611 /* BroadcastListModel.swift */,
			);
			path = Model;
			sourceTree = "<group>";
		};
		318E4537295889C200FB0AA2 /* UpdateBroadcast */ = {
			isa = PBXGroup;
			children = (
				318E4538295889DE00FB0AA2 /* View */,
			);
			path = UpdateBroadcast;
			sourceTree = "<group>";
		};
		318E4538295889DE00FB0AA2 /* View */ = {
			isa = PBXGroup;
			children = (
				318E453929588A1000FB0AA2 /* UpdateBroadcastView.swift */,
			);
			path = View;
			sourceTree = "<group>";
		};
		31900E922955CF2400C2EC71 /* VideoDetails */ = {
			isa = PBXGroup;
			children = (
				31900E932955CF5700C2EC71 /* View */,
				31900E942955CF6400C2EC71 /* ViewModel */,
			);
			path = VideoDetails;
			sourceTree = "<group>";
		};
		31900E932955CF5700C2EC71 /* View */ = {
			isa = PBXGroup;
			children = (
				31900E952955CF9400C2EC71 /* VideoDetailsView.swift */,
			);
			path = View;
			sourceTree = "<group>";
		};
		31900E942955CF6400C2EC71 /* ViewModel */ = {
			isa = PBXGroup;
			children = (
				31900E972955D18000C2EC71 /* VideoDetailsViewModel.swift */,
			);
			path = ViewModel;
			sourceTree = "<group>";
		};
		31965259295439E400B2C891 /* SideMenu */ = {
			isa = PBXGroup;
			children = (
				3196525A295462A100B2C891 /* MenuContent.swift */,
				7FD974DC28D4BCFE00E8E16E /* MenuViewModel.swift */,
				31965254295432E400B2C891 /* SideMenu.swift */,
				31965257295436D200B2C891 /* SideMenuButton.swift */,
				3196525C2954702C00B2C891 /* LogOutButton.swift */,
				7FD974DE28D58BBD00E8E16E /* AvatarImageView.swift */,
			);
			path = SideMenu;
			sourceTree = "<group>";
		};
		7F1E96A72546B45900638965 /* View */ = {
			isa = PBXGroup;
			children = (
				7F5296372858A17F00548281 /* LogInView.swift */,
				7FD974E228D6958B00E8E16E /* LogInViewModel.swift */,
			);
			path = View;
			sourceTree = "<group>";
		};
		7F1E96A82546B46A00638965 /* SignInService */ = {
			isa = PBXGroup;
			children = (
				7F0933CE24574FCB00FB5579 /* SignInService.swift */,
			);
			path = SignInService;
			sourceTree = "<group>";
		};
		7F1E96A92546B4EB00638965 /* View */ = {
			isa = PBXGroup;
			children = (
				A1B2C3D4E5F60718293A4B5D /* LivePreviewView.swift */,
			);
			path = View;
			sourceTree = "<group>";
		};
		7F1E96AD2546B8BF00638965 /* Helpers */ = {
			isa = PBXGroup;
			children = (
				7FDCF9852546BF1400D5B492 /* LVError.swift */,
				7FC6B7F128EE981900C20F74 /* LoadingIndicator.swift */,
			);
			path = Helpers;
			sourceTree = "<group>";
		};
		7F1E96B12546B8BF00638965 /* Extensions */ = {
			isa = PBXGroup;
			children = (
				7FC7367C2605D9ED00F426A9 /* YYAdd */,
				3107E0722951F3D90023E663 /* OSLog.swift */,
				7F1E96B62546B8BF00638965 /* Color+Ext.swift */,
				7F1E96AF2546B8BF00638965 /* Date+Ext.swift */,
				7F1E96B92546B8BF00638965 /* EnumIteration.swift */,
				7FAEE353288CC1DF00770924 /* UserDefaultsValue.swift */,
			);
			path = Extensions;
			sourceTree = "<group>";
		};
		7F286C7E26580A7F00419B9C /* ViewRepresentable */ = {
			isa = PBXGroup;
			children = (
			);
			path = ViewRepresentable;
			sourceTree = "<group>";
		};
		7F39A88B24569F3800C18130 /* Network */ = {
			isa = PBXGroup;
			children = (
				7FCFD6632868011600F61B48 /* YTApiProvider.swift */,
				7FE331E02647B31200D412AE /* Mocks */,
			);
			path = Network;
			sourceTree = "<group>";
		};
		7F53B1A5203071F000E09CFA /* Resources */ = {
			isa = PBXGroup;
			children = (
				7F53B1A62030724200E09CFA /* LaunchScreen.storyboard */,
				7F9274B21DBDCAD00051DE6B /* Assets.xcassets */,
			);
			path = Resources;
			sourceTree = "<group>";
		};
		7F53B1AD203072EA00E09CFA /* Scenes */ = {
			isa = PBXGroup;
			children = (
				31965259295439E400B2C891 /* SideMenu */,
				7FCFD64D28658A8F00F61B48 /* Main */,
				7FA94FFF2032C5750083B23B /* LogIn */,
				7F53B1AF2030B15C00E09CFA /* VideoList */,
				31900E922955CF2400C2EC71 /* VideoDetails */,
				7FA74D55260B3B2D0069DA8A /* AddNewBroadcast */,
				318E4537295889C200FB0AA2 /* UpdateBroadcast */,
				7F809FBF26414026006C4B4E /* YouTubeVideoPlayer */,
				7F53B1AE2030733200E09CFA /* LiveStreaming */,
			);
			path = Scenes;
			sourceTree = "<group>";
		};
		7F53B1AE2030733200E09CFA /* LiveStreaming */ = {
			isa = PBXGroup;
			children = (
				7F1E96A92546B4EB00638965 /* View */,
				7F7D7DA92608EF09005FAC3B /* ViewModel */,
				7F9A91D12609A9ED0036CA0B /* Helpers */,
			);
			path = LiveStreaming;
			sourceTree = "<group>";
		};
		7F53B1AF2030B15C00E09CFA /* VideoList */ = {
			isa = PBXGroup;
			children = (
				3107EC93295C436700020611 /* Model */,
				7F8FD2A524596D970041CF36 /* View */,
				7F8FD2A624596DB20041CF36 /* ViewModel */,
			);
			path = VideoList;
			sourceTree = "<group>";
		};
		7F53B1B22030B43000E09CFA /* Supporting Files */ = {
			isa = PBXGroup;
			children = (
				7F1E96C62546B95A00638965 /* Constants.swift */,
				7FAF9E91246187B900C8B81B /* Config.plist */,
				7F68E8DE285F240A000022F5 /* Info.plist */,
				7F563B5C286C1DB100F0901D /* README.md */,
				7F161889286C473C0004D0B6 /* .swiftlint.yml */,
				7FA6450C28817702009E76F5 /* main.yml */,
				7F563B5E286C217700F0901D /* .gitignore */,
			);
			name = "Supporting Files";
			path = Resources;
			sourceTree = "<group>";
		};
		7F73C8E72654D64000715F9A /* Interactor */ = {
			isa = PBXGroup;
			children = (
				7F73C8E82654D66900715F9A /* VideoControllerViewModel.swift */,
				7F85372B26577CC700C21921 /* VideoPlayer */,
			);
			path = Interactor;
			sourceTree = "<group>";
		};
		7F7D43692573A3AE00CC7642 /* LiveEventsTests */ = {
			isa = PBXGroup;
			children = (
				7FCF0A2B2642BB1400B4E551 /* JSON */,
				7F7D436A2573A3AE00CC7642 /* LiveEventsTests.swift */,
				7FCF0A2F2642BC0400B4E551 /* LiveBroadcastListTests.swift */,
				7F7D436C2573A3AE00CC7642 /* Info.plist */,
			);
			path = LiveEventsTests;
			sourceTree = "<group>";
		};
		7F7D7DA22608EAF0005FAC3B /* Protocols */ = {
			isa = PBXGroup;
			children = (
				7F79C8A5254802FB0044CF81 /* BroadcastsDataFetcherProtocol.swift */,
			);
			path = Protocols;
			sourceTree = "<group>";
		};
		7F7D7DA82608EEC5005FAC3B /* Interactor */ = {
			isa = PBXGroup;
			children = (
				7F53B1B02030B38100E09CFA /* BroadcastListFetcher.swift */,
			);
			path = Interactor;
			sourceTree = "<group>";
		};
		7F7D7DA92608EF09005FAC3B /* ViewModel */ = {
			isa = PBXGroup;
			children = (
				7F7D7DAA2608EF2E005FAC3B /* Protocols */,
				7F83E3491DBDD49100DE4102 /* LiveStreamingViewModel.swift */,
			);
			path = ViewModel;
			sourceTree = "<group>";
		};
		7F7D7DAA2608EF2E005FAC3B /* Protocols */ = {
			isa = PBXGroup;
			children = (
			);
			path = Protocols;
			sourceTree = "<group>";
		};
		7F809FBF26414026006C4B4E /* YouTubeVideoPlayer */ = {
			isa = PBXGroup;
			children = (
				7F85372A26577C8400C21921 /* View */,
				7F73C8E72654D64000715F9A /* Interactor */,
			);
			path = YouTubeVideoPlayer;
			sourceTree = "<group>";
		};
		7F85372A26577C8400C21921 /* View */ = {
			isa = PBXGroup;
			children = (
				7FBC71782653DB9B001DDAE7 /* VideoControllerView.swift */,
				7F286C7E26580A7F00419B9C /* ViewRepresentable */,
			);
			path = View;
			sourceTree = "<group>";
		};
		7F85372B26577CC700C21921 /* VideoPlayer */ = {
			isa = PBXGroup;
			children = (
			);
			path = VideoPlayer;
			sourceTree = "<group>";
		};
		7F8CEC7129180375009DAAC6 /* ViewComponents */ = {
			isa = PBXGroup;
			children = (
				7F8CEC72291803B8009DAAC6 /* DecimalTextField.swift */,
				31900E90295582F900C2EC71 /* RadioButtonGroup.swift */,
				3192764D2956DA6B00C196D9 /* ThumbnailImage.swift */,
				316EE54B292D3B7F009F6168 /* BackButton.swift */,
				3192C4A7294B38E2005E062D /* ButtonStyles.swift */,
				316EE549292D3B34009F6168 /* ColorSheme.swift */,
				316EE547292D3ABA009F6168 /* NavigationBar.swift */,
			);
			path = ViewComponents;
			sourceTree = "<group>";
		};
		7F8FD2A524596D970041CF36 /* View */ = {
			isa = PBXGroup;
			children = (
				7F11514228F2DE7A0013D2F7 /* VideoListView.swift */,
			);
			path = View;
			sourceTree = "<group>";
		};
		7F8FD2A624596DB20041CF36 /* ViewModel */ = {
			isa = PBXGroup;
			children = (
				7F2439F524580FA500C1FB17 /* VideoListViewModel.swift */,
				7F7D7DA82608EEC5005FAC3B /* Interactor */,
				7F7D7DA22608EAF0005FAC3B /* Protocols */,
			);
			path = ViewModel;
			sourceTree = "<group>";
		};
		7F92749F1DBDCAD00051DE6B = {
			isa = PBXGroup;
			children = (
				FACEDF00FC21681369665767 /* LiveEventsApp.swift */,
				FACE74C8A168DC7C5C196DC5 /* Extensions/UIApplication+Ext.swift */,
				FACE03B0D2AA494BC404526F /* Scenes/AppEnvironment.swift */,
				FACECDFF1F2C3504D6190E6D /* Scenes/LiveStreaming/LiveRoute.swift */,
				FACE905F23DCEA2DD58D25D3 /* Scenes/LiveStreaming/View/LivePreviewRepresentable.swift */,
				FACE3CF0AC9FE942F0CD49DA /* Scenes/LiveStreaming/View/LiveStreamView.swift */,
				FACECD08396D6F1A011E4267 /* Scenes/YouTubeVideoPlayer/Interactor/YouTubePlayer.swift */,
				FACE23D7EA73C33FEC7E80D5 /* Scenes/YouTubeVideoPlayer/View/PlayerViewRepresentable.swift */,
				7FCB1A501DD4F2AF0033145D /* LiveEvents */,
				7F7D43692573A3AE00CC7642 /* LiveEventsTests */,
				7F9274A91DBDCAD00051DE6B /* Products */,
				FD1738076B36F560B35DA7B2 /* Frameworks */,
			);
			sourceTree = "<group>";
		};
		7F9274A91DBDCAD00051DE6B /* Products */ = {
			isa = PBXGroup;
			children = (
				7F9274A81DBDCAD00051DE6B /* LiveEvents.app */,
				7F7D43682573A3AE00CC7642 /* LiveEventsTests.xctest */,
			);
			name = Products;
			sourceTree = "<group>";
		};
		7F9A91D12609A9ED0036CA0B /* Helpers */ = {
			isa = PBXGroup;
			children = (
				7F9A91D32609AAB90036CA0B /* YouTubeHelpers.swift */,
			);
			path = Helpers;
			sourceTree = "<group>";
		};
		7FA74D55260B3B2D0069DA8A /* AddNewBroadcast */ = {
			isa = PBXGroup;
			children = (
				7FA74D56260B3B580069DA8A /* View */,
				7FA74D57260B3B650069DA8A /* ViewModel */,
				7FA74D58260B3B710069DA8A /* Model */,
			);
			path = AddNewBroadcast;
			sourceTree = "<group>";
		};
		7FA74D56260B3B580069DA8A /* View */ = {
			isa = PBXGroup;
			children = (
				7F98F6B128F913B400AF6858 /* NewBroadcastView.swift */,
				318E453B29588E1700FB0AA2 /* BroadcastContentView.swift */,
			);
			path = View;
			sourceTree = "<group>";
		};
		7FA74D57260B3B650069DA8A /* ViewModel */ = {
			isa = PBXGroup;
			children = (
				7FA8C85C2916A7A90079C174 /* NewBroadcastViewModel.swift */,
			);
			path = ViewModel;
			sourceTree = "<group>";
		};
		7FA74D58260B3B710069DA8A /* Model */ = {
			isa = PBXGroup;
			children = (
				7FA74D5F260B3C0E0069DA8A /* BroadcastModel.swift */,
			);
			path = Model;
			sourceTree = "<group>";
		};
		7FA94FFF2032C5750083B23B /* LogIn */ = {
			isa = PBXGroup;
			children = (
				7F1E96A72546B45900638965 /* View */,
			);
			name = LogIn;
			path = Scenes/LogIn;
			sourceTree = SOURCE_ROOT;
		};
		7FAEE2FC28862A0500770924 /* View */ = {
			isa = PBXGroup;
			children = (
				7FFA59862861DDDE00D2F4FE /* MainBodyView.swift */,
			);
			path = View;
			sourceTree = "<group>";
		};
		7FAEE34C288828C000770924 /* Redux */ = {
			isa = PBXGroup;
			children = (
				7FAEE3472887AADF00770924 /* AuthState.swift */,
				310D7F3029275F2B00FD7C1C /* AuthError.swift */,
				7FAEE34E28883EA200770924 /* AuthAction.swift */,
				7FAEE34F28883EA300770924 /* AuthReducer.swift */,
				7FAEE34D28883EA100770924 /* AuthReduxStore.swift */,
			);
			path = Redux;
			sourceTree = "<group>";
		};
		7FC7367C2605D9ED00F426A9 /* YYAdd */ = {
			isa = PBXGroup;
			children = (
				7F1E96B22546B8BF00638965 /* UIControl+YYAdd.h */,
				7F1E96B82546B8BF00638965 /* UIControl+YYAdd.m */,
				7F1E96BA2546B8BF00638965 /* UIView+YYAdd.h */,
				7F1E96B52546B8BF00638965 /* UIView+YYAdd.m */,
			);
			path = YYAdd;
			sourceTree = "<group>";
		};
		7FCB1A501DD4F2AF0033145D /* LiveEvents */ = {
			isa = PBXGroup;
			children = (
				7F1E96B12546B8BF00638965 /* Extensions */,
				7F1E96AD2546B8BF00638965 /* Helpers */,
				7F39A88B24569F3800C18130 /* Network */,
				7F1E96A82546B46A00638965 /* SignInService */,
				7FAEE34C288828C000770924 /* Redux */,
				7F8CEC7129180375009DAAC6 /* ViewComponents */,
				7F53B1AD203072EA00E09CFA /* Scenes */,
				7F53B1A5203071F000E09CFA /* Resources */,
				7F53B1B22030B43000E09CFA /* Supporting Files */,
			);
			name = LiveEvents;
			sourceTree = "<group>";
		};
		7FCF0A2B2642BB1400B4E551 /* JSON */ = {
			isa = PBXGroup;
			children = (
				7FC6B7F428EEE58F00C20F74 /* LiveBroadcastAll.json */,
				31965252295407C400B2C891 /* LiveBroadcastactive.json */,
				7FC6B7F328EEE58F00C20F74 /* LiveBroadcastcompleted.json */,
				7FC6B7F528EEE58F00C20F74 /* LiveBroadcastupcoming.json */,
			);
			path = JSON;
			sourceTree = "<group>";
		};
		7FCFD64D28658A8F00F61B48 /* Main */ = {
			isa = PBXGroup;
			children = (
				7FAEE2FC28862A0500770924 /* View */,
			);
			path = Main;
			sourceTree = "<group>";
		};
		7FE331E02647B31200D412AE /* Mocks */ = {
			isa = PBXGroup;
			children = (
				7F79FE41265E6BB1002FA510 /* loadMockData.swift */,
				7FE331E12647B33F00D412AE /* VideoListMockData.swift */,
			);
			path = Mocks;
			sourceTree = "<group>";
		};
		FD1738076B36F560B35DA7B2 /* Frameworks */ = {
			isa = PBXGroup;
			children = (
			);
			name = Frameworks;
			sourceTree = "<group>";
		};
/* End PBXGroup section */

/* Begin PBXNativeTarget section */
		7F7D43672573A3AE00CC7642 /* LiveEventsTests */ = {
			isa = PBXNativeTarget;
			buildConfigurationList = 7F7D436F2573A3AE00CC7642 /* Build configuration list for PBXNativeTarget "LiveEventsTests" */;
			buildPhases = (
				7F7D43642573A3AE00CC7642 /* Sources */,
				7F7D43652573A3AE00CC7642 /* Frameworks */,
				7F7D43662573A3AE00CC7642 /* Resources */,
			);
			buildRules = (
			);
			dependencies = (
				7F7D436E2573A3AE00CC7642 /* PBXTargetDependency */,
			);
			name = LiveEventsTests;
			productName = YouTubeLiveVideoTests;
			productReference = 7F7D43682573A3AE00CC7642 /* LiveEventsTests.xctest */;
			productType = "com.apple.product-type.bundle.unit-test";
		};
		7F9274A71DBDCAD00051DE6B /* LiveEvents */ = {
			isa = PBXNativeTarget;
			buildConfigurationList = 7F9274BA1DBDCAD00051DE6B /* Build configuration list for PBXNativeTarget "LiveEvents" */;
			buildPhases = (
				7F9274A41DBDCAD00051DE6B /* Sources */,
				7F9274A51DBDCAD00051DE6B /* Frameworks */,
				7F9274A61DBDCAD00051DE6B /* Resources */,
				7F0478C11DD599DD00AB6211 /* Embed Frameworks */,
				7F678A8225FF490200F5FB2C /* ShellScript */,
			);
			buildRules = (
			);
			dependencies = (
			);
			name = LiveEvents;
			packageProductDependencies = (
				A0B1C2D3E4F5061728394A02 /* HaishinKit */,
				A0B1C2D3E4F5061728394A12 /* YouTubeiOSPlayerHelper */,
				7F4C22B22869CEE500F29118 /* SwiftGoogleSignIn */,
				7F91D0F5287A80C3007E7A29 /* YTLiveStreaming */,
				7FA644FF287EF493009E76F5 /* ReSwift */,
			);
			productName = YouTubeLiveVideo;
			productReference = 7F9274A81DBDCAD00051DE6B /* LiveEvents.app */;
			productType = "com.apple.product-type.application";
		};
/* End PBXNativeTarget section */

/* Begin PBXProject section */
		7F9274A01DBDCAD00051DE6B /* Project object */ = {
			isa = PBXProject;
			attributes = {
				LastSwiftUpdateCheck = 1220;
				LastUpgradeCheck = 1240;
				ORGANIZATIONNAME = "Serhii Krotkykh";
				TargetAttributes = {
					7F7D43672573A3AE00CC7642 = {
						CreatedOnToolsVersion = 12.2;
						DevelopmentTeam = N5B5T39W8Y;
						LastSwiftMigration = 1240;
						ProvisioningStyle = Automatic;
						TestTargetID = 7F9274A71DBDCAD00051DE6B;
					};
					7F9274A71DBDCAD00051DE6B = {
						CreatedOnToolsVersion = 7.3.1;
						LastSwiftMigration = 1240;
					};
				};
			};
			buildConfigurationList = 7F9274A31DBDCAD00051DE6B /* Build configuration list for PBXProject "LiveEvents" */;
			compatibilityVersion = "Xcode 3.2";
			developmentRegion = en;
			hasScannedForEncodings = 0;
			knownRegions = (
				en,
				Base,
			);
			mainGroup = 7F92749F1DBDCAD00051DE6B;
			packageReferences = (
				A0B1C2D3E4F5061728394A01 /* XCRemoteSwiftPackageReference "HaishinKit.swift" */,
				A0B1C2D3E4F5061728394A11 /* XCRemoteSwiftPackageReference "youtube-ios-player-helper" */,
				7F4C22B12869CEE500F29118 /* XCRemoteSwiftPackageReference "swift-googlesignin" */,
				7F91D0F4287A80C3007E7A29 /* XCRemoteSwiftPackageReference "YTLiveStreaming" */,
				7FA644FE287EF493009E76F5 /* XCRemoteSwiftPackageReference "ReSwift" */,
			);
			productRefGroup = 7F9274A91DBDCAD00051DE6B /* Products */;
			projectDirPath = "";
			projectRoot = "";
			targets = (
				7F9274A71DBDCAD00051DE6B /* LiveEvents */,
				7F7D43672573A3AE00CC7642 /* LiveEventsTests */,
			);
		};
/* End PBXProject section */

/* Begin PBXResourcesBuildPhase section */
		7F7D43662573A3AE00CC7642 /* Resources */ = {
			isa = PBXResourcesBuildPhase;
			buildActionMask = 2147483647;
			files = (
				7FC6B7F828EEE59000C20F74 /* LiveBroadcastupcoming.json in Resources */,
				7FC6B7F628EEE59000C20F74 /* LiveBroadcastcompleted.json in Resources */,
				7FC6B7F728EEE59000C20F74 /* LiveBroadcastAll.json in Resources */,
				31965253295407C400B2C891 /* LiveBroadcastactive.json in Resources */,
			);
			runOnlyForDeploymentPostprocessing = 0;
		};
		7F9274A61DBDCAD00051DE6B /* Resources */ = {
			isa = PBXResourcesBuildPhase;
			buildActionMask = 2147483647;
			files = (
				7FC6B7F928EEEA5900C20F74 /* LiveBroadcastcompleted.json in Resources */,
				7F9274B31DBDCAD00051DE6B /* Assets.xcassets in Resources */,
				7FC6B7FA28EEEA5900C20F74 /* LiveBroadcastAll.json in Resources */,
				7FAF9E92246187B900C8B81B /* Config.plist in Resources */,
				7F16188A286C473C0004D0B6 /* .swiftlint.yml in Resources */,
				7F53B1AA2030724200E09CFA /* LaunchScreen.storyboard in Resources */,
				3196525E29549EA200B2C891 /* LiveBroadcastactive.json in Resources */,
				7FC6B7FB28EEEA5900C20F74 /* LiveBroadcastupcoming.json in Resources */,
			);
			runOnlyForDeploymentPostprocessing = 0;
		};
/* End PBXResourcesBuildPhase section */

/* Begin PBXShellScriptBuildPhase section */
		7F678A8225FF490200F5FB2C /* ShellScript */ = {
			isa = PBXShellScriptBuildPhase;
			buildActionMask = 2147483647;
			files = (
			);
			inputFileListPaths = (
			);
			inputPaths = (
			);
			outputFileListPaths = (
			);
			outputPaths = (
			);
			runOnlyForDeploymentPostprocessing = 0;
			shellPath = /bin/sh;
			shellScript = "export PATH=\"$PATH:/opt/homebrew/bin\"\nif which swiftlint > /dev/null; then\n  swiftlint\nelse\n  echo \"warning: SwiftLint not installed, download from https://github.com/realm/SwiftLint\"\nfi\n";
		};
/* End PBXShellScriptBuildPhase section */

/* Begin PBXSourcesBuildPhase section */
		7F7D43642573A3AE00CC7642 /* Sources */ = {
			isa = PBXSourcesBuildPhase;
			buildActionMask = 2147483647;
			files = (
				7F7D436B2573A3AE00CC7642 /* LiveEventsTests.swift in Sources */,
				7FCF0A302642BC0400B4E551 /* LiveBroadcastListTests.swift in Sources */,
			);
			runOnlyForDeploymentPostprocessing = 0;
		};
		7F9274A41DBDCAD00051DE6B /* Sources */ = {
			isa = PBXSourcesBuildPhase;
			buildActionMask = 2147483647;
			files = (
				FACE833F54BEE24983440CDB /* LiveEventsApp.swift in Sources */,
				FACEDCD98A018DADD8CEFE22 /* Extensions/UIApplication+Ext.swift in Sources */,
				FACE308C690F08572BE0AF60 /* Scenes/AppEnvironment.swift in Sources */,
				FACE7C354191A26F27DC4D14 /* Scenes/LiveStreaming/LiveRoute.swift in Sources */,
				FACEF484AB3C8F1103B40EDE /* Scenes/LiveStreaming/View/LivePreviewRepresentable.swift in Sources */,
				FACE3512FD576E96F8EF416A /* Scenes/LiveStreaming/View/LiveStreamView.swift in Sources */,
				FACE2E5D41E9F7CD87E02C19 /* Scenes/YouTubeVideoPlayer/Interactor/YouTubePlayer.swift in Sources */,
				FACEA5E0B0490E94EC387ACE /* Scenes/YouTubeVideoPlayer/View/PlayerViewRepresentable.swift in Sources */,
				310D7F3129275F2B00FD7C1C /* AuthError.swift in Sources */,
				7FC6B7F228EE981900C20F74 /* LoadingIndicator.swift in Sources */,
				7FAEE35128883EA300770924 /* AuthAction.swift in Sources */,
				316EE54C292D3B7F009F6168 /* BackButton.swift in Sources */,
				7F79FE42265E6BB1002FA510 /* loadMockData.swift in Sources */,
				7F1E96BC2546B8BF00638965 /* Date+Ext.swift in Sources */,
				3196525B295462A100B2C891 /* MenuContent.swift in Sources */,
				7FAEE35228883EA300770924 /* AuthReducer.swift in Sources */,
				7FD974E328D6958B00E8E16E /* LogInViewModel.swift in Sources */,
				7FAEE3482887AADF00770924 /* AuthState.swift in Sources */,
				3107EC96295C439B00020611 /* BroadcastListModel.swift in Sources */,
				7FA8C85D2916A7A90079C174 /* NewBroadcastViewModel.swift in Sources */,
				7F8CEC73291803B8009DAAC6 /* DecimalTextField.swift in Sources */,
				7FD974DF28D58BBD00E8E16E /* AvatarImageView.swift in Sources */,
				31900E91295582F900C2EC71 /* RadioButtonGroup.swift in Sources */,
				7FE331E22647B33F00D412AE /* VideoListMockData.swift in Sources */,
				7FBC71792653DB9B001DDAE7 /* VideoControllerView.swift in Sources */,
				7F98F6B228F913B400AF6858 /* NewBroadcastView.swift in Sources */,
				7F2439F624580FA500C1FB17 /* VideoListViewModel.swift in Sources */,
				7F73C8E92654D66900715F9A /* VideoControllerViewModel.swift in Sources */,
				7F1E96C72546B95A00638965 /* Constants.swift in Sources */,
				3192764E2956DA6B00C196D9 /* ThumbnailImage.swift in Sources */,
				3192C4A8294B38E2005E062D /* ButtonStyles.swift in Sources */,
				318E453A29588A1000FB0AA2 /* UpdateBroadcastView.swift in Sources */,
				31900E962955CF9400C2EC71 /* VideoDetailsView.swift in Sources */,
				31900E982955D18000C2EC71 /* VideoDetailsViewModel.swift in Sources */,
				7F1E96C12546B8BF00638965 /* Color+Ext.swift in Sources */,
				7FAEE35028883EA300770924 /* AuthReduxStore.swift in Sources */,
				7FFA59882861DDDF00D2F4FE /* MainBodyView.swift in Sources */,
				7F83E34D1DBDD49100DE4102 /* LiveStreamingViewModel.swift in Sources */,
				7F0933CF24574FCB00FB5579 /* SignInService.swift in Sources */,
				316EE54A292D3B34009F6168 /* ColorSheme.swift in Sources */,
				7F9A91D42609AAB90036CA0B /* YouTubeHelpers.swift in Sources */,
				7FDCF9862546BF1400D5B492 /* LVError.swift in Sources */,
				7F1E96C02546B8BF00638965 /* UIView+YYAdd.m in Sources */,
				31965258295436D200B2C891 /* SideMenuButton.swift in Sources */,
				7F1E96C32546B8BF00638965 /* UIControl+YYAdd.m in Sources */,
				7FCFD6642868011600F61B48 /* YTApiProvider.swift in Sources */,
				7FD974DD28D4BCFE00E8E16E /* MenuViewModel.swift in Sources */,
				318E453C29588E1700FB0AA2 /* BroadcastContentView.swift in Sources */,
				7F5296382858A17F00548281 /* LogInView.swift in Sources */,
				7F79C8A6254802FB0044CF81 /* BroadcastsDataFetcherProtocol.swift in Sources */,
				7F53B1B12030B38100E09CFA /* BroadcastListFetcher.swift in Sources */,
				31965256295435A400B2C891 /* SideMenu.swift in Sources */,
				A1B2C3D4E5F60718293A4B5C /* LivePreviewView.swift in Sources */,
				3107E0732951F3D90023E663 /* OSLog.swift in Sources */,
				7F11514328F2DE7A0013D2F7 /* VideoListView.swift in Sources */,
				316EE548292D3ABA009F6168 /* NavigationBar.swift in Sources */,
				7FA74D60260B3C0E0069DA8A /* BroadcastModel.swift in Sources */,
				3196525D2954702C00B2C891 /* LogOutButton.swift in Sources */,
				7FAEE354288CC1E000770924 /* UserDefaultsValue.swift in Sources */,
				7F1E96C42546B8BF00638965 /* EnumIteration.swift in Sources */,
			);
			runOnlyForDeploymentPostprocessing = 0;
		};
/* End PBXSourcesBuildPhase section */

/* Begin PBXTargetDependency section */
		7F7D436E2573A3AE00CC7642 /* PBXTargetDependency */ = {
			isa = PBXTargetDependency;
			target = 7F9274A71DBDCAD00051DE6B /* LiveEvents */;
			targetProxy = 7F7D436D2573A3AE00CC7642 /* PBXContainerItemProxy */;
		};
/* End PBXTargetDependency section */

/* Begin PBXVariantGroup section */
		7F53B1A62030724200E09CFA /* LaunchScreen.storyboard */ = {
			isa = PBXVariantGroup;
			children = (
				7F53B1A72030724200E09CFA /* Base */,
			);
			name = LaunchScreen.storyboard;
			sourceTree = "<group>";
		};
/* End PBXVariantGroup section */

/* Begin XCBuildConfiguration section */
		7F7D43702573A3AE00CC7642 /* Debug */ = {
			isa = XCBuildConfiguration;
			buildSettings = {
				BUNDLE_LOADER = "$(TEST_HOST)";
				CLANG_ANALYZER_NUMBER_OBJECT_CONVERSION = YES_AGGRESSIVE;
				CLANG_CXX_LANGUAGE_STANDARD = "gnu++14";
				CLANG_ENABLE_OBJC_WEAK = YES;
				CLANG_WARN_BLOCK_CAPTURE_AUTORELEASING = YES;
				CLANG_WARN_COMMA = YES;
				CLANG_WARN_DEPRECATED_OBJC_IMPLEMENTATIONS = YES;
				CLANG_WARN_DOCUMENTATION_COMMENTS = YES;
				CLANG_WARN_NON_LITERAL_NULL_CONVERSION = YES;
				CLANG_WARN_OBJC_IMPLICIT_RETAIN_SELF = YES;
				CLANG_WARN_OBJC_LITERAL_CONVERSION = YES;
				CLANG_WARN_QUOTED_INCLUDE_IN_FRAMEWORK_HEADER = YES;
				CLANG_WARN_RANGE_LOOP_ANALYSIS = YES;
				CLANG_WARN_STRICT_PROTOTYPES = YES;
				CLANG_WARN_UNGUARDED_AVAILABILITY = YES_AGGRESSIVE;
				CODE_SIGN_STYLE = Automatic;
				DEVELOPMENT_TEAM = N5B5T39W8Y;
				GCC_C_LANGUAGE_STANDARD = gnu11;
				INFOPLIST_FILE = LiveEventsTests/Info.plist;
				IPHONEOS_DEPLOYMENT_TARGET = 18.6;
				LD_RUNPATH_SEARCH_PATHS = (
					"$(inherited)",
					"@executable_path/Frameworks",
					"@loader_path/Frameworks",
				);
				MTL_ENABLE_DEBUG_INFO = INCLUDE_SOURCE;
				MTL_FAST_MATH = YES;
				PRODUCT_BUNDLE_IDENTIFIER = com.skdevappleid.LiveEventsTests;
				PRODUCT_NAME = "$(TARGET_NAME)";
				SWIFT_ACTIVE_COMPILATION_CONDITIONS = DEBUG;
				SWIFT_VERSION = 6.0;
				TARGETED_DEVICE_FAMILY = "1,2";
				TEST_HOST = "$(BUILT_PRODUCTS_DIR)/LiveEvents.app/LiveEvents";
			};
			name = Debug;
		};
		7F7D43712573A3AE00CC7642 /* Release */ = {
			isa = XCBuildConfiguration;
			buildSettings = {
				BUNDLE_LOADER = "$(TEST_HOST)";
				CLANG_ANALYZER_NUMBER_OBJECT_CONVERSION = YES_AGGRESSIVE;
				CLANG_CXX_LANGUAGE_STANDARD = "gnu++14";
				CLANG_ENABLE_OBJC_WEAK = YES;
				CLANG_WARN_BLOCK_CAPTURE_AUTORELEASING = YES;
				CLANG_WARN_COMMA = YES;
				CLANG_WARN_DEPRECATED_OBJC_IMPLEMENTATIONS = YES;
				CLANG_WARN_DOCUMENTATION_COMMENTS = YES;
				CLANG_WARN_NON_LITERAL_NULL_CONVERSION = YES;
				CLANG_WARN_OBJC_IMPLICIT_RETAIN_SELF = YES;
				CLANG_WARN_OBJC_LITERAL_CONVERSION = YES;
				CLANG_WARN_QUOTED_INCLUDE_IN_FRAMEWORK_HEADER = YES;
				CLANG_WARN_RANGE_LOOP_ANALYSIS = YES;
				CLANG_WARN_STRICT_PROTOTYPES = YES;
				CLANG_WARN_UNGUARDED_AVAILABILITY = YES_AGGRESSIVE;
				CODE_SIGN_STYLE = Automatic;
				DEVELOPMENT_TEAM = N5B5T39W8Y;
				GCC_C_LANGUAGE_STANDARD = gnu11;
				INFOPLIST_FILE = LiveEventsTests/Info.plist;
				IPHONEOS_DEPLOYMENT_TARGET = 18.6;
				LD_RUNPATH_SEARCH_PATHS = (
					"$(inherited)",
					"@executable_path/Frameworks",
					"@loader_path/Frameworks",
				);
				MTL_FAST_MATH = YES;
				PRODUCT_BUNDLE_IDENTIFIER = com.skdevappleid.LiveEventsTests;
				PRODUCT_NAME = "$(TARGET_NAME)";
				SWIFT_VERSION = 6.0;
				TARGETED_DEVICE_FAMILY = "1,2";
				TEST_HOST = "$(BUILT_PRODUCTS_DIR)/LiveEvents.app/LiveEvents";
			};
			name = Release;
		};
		7F9274B81DBDCAD00051DE6B /* Debug */ = {
			isa = XCBuildConfiguration;
			buildSettings = {
				ALWAYS_SEARCH_USER_PATHS = NO;
				CLANG_ANALYZER_LOCALIZABILITY_NONLOCALIZED = YES;
				CLANG_ANALYZER_NONNULL = YES;
				CLANG_CXX_LANGUAGE_STANDARD = "gnu++0x";
				CLANG_CXX_LIBRARY = "libc++";
				CLANG_ENABLE_MODULES = YES;
				CLANG_ENABLE_OBJC_ARC = YES;
				CLANG_WARN_BLOCK_CAPTURE_AUTORELEASING = YES;
				CLANG_WARN_BOOL_CONVERSION = YES;
				CLANG_WARN_COMMA = YES;
				CLANG_WARN_CONSTANT_CONVERSION = YES;
				CLANG_WARN_DEPRECATED_OBJC_IMPLEMENTATIONS = YES;
				CLANG_WARN_DIRECT_OBJC_ISA_USAGE = YES_ERROR;
				CLANG_WARN_EMPTY_BODY = YES;
				CLANG_WARN_ENUM_CONVERSION = YES;
				CLANG_WARN_INFINITE_RECURSION = YES;
				CLANG_WARN_INT_CONVERSION = YES;
				CLANG_WARN_NON_LITERAL_NULL_CONVERSION = YES;
				CLANG_WARN_OBJC_IMPLICIT_RETAIN_SELF = YES;
				CLANG_WARN_OBJC_LITERAL_CONVERSION = YES;
				CLANG_WARN_OBJC_ROOT_CLASS = YES_ERROR;
				CLANG_WARN_QUOTED_INCLUDE_IN_FRAMEWORK_HEADER = YES;
				CLANG_WARN_RANGE_LOOP_ANALYSIS = YES;
				CLANG_WARN_STRICT_PROTOTYPES = YES;
				CLANG_WARN_SUSPICIOUS_MOVE = YES;
				CLANG_WARN_UNREACHABLE_CODE = YES;
				CLANG_WARN__DUPLICATE_METHOD_MATCH = YES;
				"CODE_SIGN_IDENTITY[sdk=iphoneos*]" = "iPhone Developer";
				COPY_PHASE_STRIP = NO;
				DEBUG_INFORMATION_FORMAT = dwarf;
				ENABLE_STRICT_OBJC_MSGSEND = YES;
				ENABLE_TESTABILITY = YES;
				GCC_C_LANGUAGE_STANDARD = gnu99;
				GCC_DYNAMIC_NO_PIC = NO;
				GCC_NO_COMMON_BLOCKS = YES;
				GCC_OPTIMIZATION_LEVEL = 0;
				GCC_PREPROCESSOR_DEFINITIONS = (
					"DEBUG=1",
					"$(inherited)",
				);
				GCC_WARN_64_TO_32_BIT_CONVERSION = YES;
				GCC_WARN_ABOUT_RETURN_TYPE = YES_ERROR;
				GCC_WARN_UNDECLARED_SELECTOR = YES;
				GCC_WARN_UNINITIALIZED_AUTOS = YES_AGGRESSIVE;
				GCC_WARN_UNUSED_FUNCTION = YES;
				GCC_WARN_UNUSED_VARIABLE = YES;
				IPHONEOS_DEPLOYMENT_TARGET = 18.6;
				MTL_ENABLE_DEBUG_INFO = YES;
				ONLY_ACTIVE_ARCH = YES;
				SDKROOT = iphoneos;
				SWIFT_OPTIMIZATION_LEVEL = "-Onone";
				SWIFT_VERSION = 6.0;
			};
			name = Debug;
		};
		7F9274B91DBDCAD00051DE6B /* Release */ = {
			isa = XCBuildConfiguration;
			buildSettings = {
				ALWAYS_SEARCH_USER_PATHS = NO;
				CLANG_ANALYZER_LOCALIZABILITY_NONLOCALIZED = YES;
				CLANG_ANALYZER_NONNULL = YES;
				CLANG_CXX_LANGUAGE_STANDARD = "gnu++0x";
				CLANG_CXX_LIBRARY = "libc++";
				CLANG_ENABLE_MODULES = YES;
				CLANG_ENABLE_OBJC_ARC = YES;
				CLANG_WARN_BLOCK_CAPTURE_AUTORELEASING = YES;
				CLANG_WARN_BOOL_CONVERSION = YES;
				CLANG_WARN_COMMA = YES;
				CLANG_WARN_CONSTANT_CONVERSION = YES;
				CLANG_WARN_DEPRECATED_OBJC_IMPLEMENTATIONS = YES;
				CLANG_WARN_DIRECT_OBJC_ISA_USAGE = YES_ERROR;
				CLANG_WARN_EMPTY_BODY = YES;
				CLANG_WARN_ENUM_CONVERSION = YES;
				CLANG_WARN_INFINITE_RECURSION = YES;
				CLANG_WARN_INT_CONVERSION = YES;
				CLANG_WARN_NON_LITERAL_NULL_CONVERSION = YES;
				CLANG_WARN_OBJC_IMPLICIT_RETAIN_SELF = YES;
				CLANG_WARN_OBJC_LITERAL_CONVERSION = YES;
				CLANG_WARN_OBJC_ROOT_CLASS = YES_ERROR;
				CLANG_WARN_QUOTED_INCLUDE_IN_FRAMEWORK_HEADER = YES;
				CLANG_WARN_RANGE_LOOP_ANALYSIS = YES;
				CLANG_WARN_STRICT_PROTOTYPES = YES;
				CLANG_WARN_SUSPICIOUS_MOVE = YES;
				CLANG_WARN_UNREACHABLE_CODE = YES;
				CLANG_WARN__DUPLICATE_METHOD_MATCH = YES;
				"CODE_SIGN_IDENTITY[sdk=iphoneos*]" = "iPhone Developer";
				COPY_PHASE_STRIP = NO;
				DEBUG_INFORMATION_FORMAT = "dwarf-with-dsym";
				ENABLE_NS_ASSERTIONS = NO;
				ENABLE_STRICT_OBJC_MSGSEND = YES;
				GCC_C_LANGUAGE_STANDARD = gnu99;
				GCC_NO_COMMON_BLOCKS = YES;
				GCC_WARN_64_TO_32_BIT_CONVERSION = YES;
				GCC_WARN_ABOUT_RETURN_TYPE = YES_ERROR;
				GCC_WARN_UNDECLARED_SELECTOR = YES;
				GCC_WARN_UNINITIALIZED_AUTOS = YES_AGGRESSIVE;
				GCC_WARN_UNUSED_FUNCTION = YES;
				GCC_WARN_UNUSED_VARIABLE = YES;
				IPHONEOS_DEPLOYMENT_TARGET = 18.6;
				MTL_ENABLE_DEBUG_INFO = NO;
				SDKROOT = iphoneos;
				SWIFT_COMPILATION_MODE = wholemodule;
				SWIFT_OPTIMIZATION_LEVEL = "-O";
				SWIFT_VERSION = 6.0;
				VALIDATE_PRODUCT = YES;
			};
			name = Release;
		};
		7F9274BB1DBDCAD00051DE6B /* Debug */ = {
			isa = XCBuildConfiguration;
			buildSettings = {
				ALWAYS_EMBED_SWIFT_STANDARD_LIBRARIES = YES;
				ASSETCATALOG_COMPILER_APPICON_NAME = AppIcon;
				CLANG_ENABLE_MODULES = YES;
				CODE_SIGN_IDENTITY = "Apple Development";
				CODE_SIGN_STYLE = Automatic;
				CURRENT_PROJECT_VERSION = 9;
				DEVELOPMENT_TEAM = N5B5T39W8Y;
				FRAMEWORK_SEARCH_PATHS = (
					"$(inherited)",
					"$(PROJECT_DIR)/Frameworks",
				);
				INFOPLIST_FILE = "$(SRCROOT)/Info.plist";
				INFOPLIST_KEY_CFBundleDisplayName = "Live Events";
				IPHONEOS_DEPLOYMENT_TARGET = 18.6;
				LD_RUNPATH_SEARCH_PATHS = (
					"$(inherited)",
					"@executable_path/Frameworks",
				);
				MARKETING_VERSION = 2;
				PRODUCT_BUNDLE_IDENTIFIER = com.skdevappleid.liveevents;
				PRODUCT_NAME = "$(TARGET_NAME)";
				PROVISIONING_PROFILE = "";
				PROVISIONING_PROFILE_SPECIFIER = "";
				SUPPORTED_PLATFORMS = "iphoneos iphonesimulator";
				SUPPORTS_MACCATALYST = NO;
				SUPPORTS_MAC_DESIGNED_FOR_IPHONE_IPAD = NO;
				SWIFT_OPTIMIZATION_LEVEL = "-Onone";
				SWIFT_VERSION = 6.0;
				TARGETED_DEVICE_FAMILY = 1;
			};
			name = Debug;
		};
		7F9274BC1DBDCAD00051DE6B /* Release */ = {
			isa = XCBuildConfiguration;
			buildSettings = {
				ALWAYS_EMBED_SWIFT_STANDARD_LIBRARIES = YES;
				ASSETCATALOG_COMPILER_APPICON_NAME = AppIcon;
				CLANG_ENABLE_MODULES = YES;
				CODE_SIGN_IDENTITY = "Apple Development";
				CODE_SIGN_STYLE = Automatic;
				CURRENT_PROJECT_VERSION = 9;
				DEVELOPMENT_TEAM = N5B5T39W8Y;
				FRAMEWORK_SEARCH_PATHS = (
					"$(inherited)",
					"$(PROJECT_DIR)/Frameworks",
				);
				INFOPLIST_FILE = "$(SRCROOT)/Info.plist";
				INFOPLIST_KEY_CFBundleDisplayName = "Live Events";
				IPHONEOS_DEPLOYMENT_TARGET = 18.6;
				LD_RUNPATH_SEARCH_PATHS = (
					"$(inherited)",
					"@executable_path/Frameworks",
				);
				MARKETING_VERSION = 2;
				PRODUCT_BUNDLE_IDENTIFIER = com.skdevappleid.liveevents;
				PRODUCT_NAME = "$(TARGET_NAME)";
				PROVISIONING_PROFILE = "";
				PROVISIONING_PROFILE_SPECIFIER = "";
				SUPPORTED_PLATFORMS = "iphoneos iphonesimulator";
				SUPPORTS_MACCATALYST = NO;
				SUPPORTS_MAC_DESIGNED_FOR_IPHONE_IPAD = NO;
				SWIFT_VERSION = 6.0;
				TARGETED_DEVICE_FAMILY = 1;
			};
			name = Release;
		};
/* End XCBuildConfiguration section */

/* Begin XCConfigurationList section */
		7F7D436F2573A3AE00CC7642 /* Build configuration list for PBXNativeTarget "LiveEventsTests" */ = {
			isa = XCConfigurationList;
			buildConfigurations = (
				7F7D43702573A3AE00CC7642 /* Debug */,
				7F7D43712573A3AE00CC7642 /* Release */,
			);
			defaultConfigurationIsVisible = 0;
			defaultConfigurationName = Release;
		};
		7F9274A31DBDCAD00051DE6B /* Build configuration list for PBXProject "LiveEvents" */ = {
			isa = XCConfigurationList;
			buildConfigurations = (
				7F9274B81DBDCAD00051DE6B /* Debug */,
				7F9274B91DBDCAD00051DE6B /* Release */,
			);
			defaultConfigurationIsVisible = 0;
			defaultConfigurationName = Release;
		};
		7F9274BA1DBDCAD00051DE6B /* Build configuration list for PBXNativeTarget "LiveEvents" */ = {
			isa = XCConfigurationList;
			buildConfigurations = (
				7F9274BB1DBDCAD00051DE6B /* Debug */,
				7F9274BC1DBDCAD00051DE6B /* Release */,
			);
			defaultConfigurationIsVisible = 0;
			defaultConfigurationName = Release;
		};
/* End XCConfigurationList section */

/* Begin XCRemoteSwiftPackageReference section */
		7F4C22B12869CEE500F29118 /* XCRemoteSwiftPackageReference "swift-googlesignin" */ = {
			isa = XCRemoteSwiftPackageReference;
			repositoryURL = "https://github.com/SKrotkih/swift-googlesignin.git";
			requirement = {
				kind = upToNextMajorVersion;
				minimumVersion = 2.0.0;
			};
		};
		7F91D0F4287A80C3007E7A29 /* XCRemoteSwiftPackageReference "YTLiveStreaming" */ = {
			isa = XCRemoteSwiftPackageReference;
			repositoryURL = "https://github.com/SKrotkih/YTLiveStreaming.git";
			requirement = {
				kind = upToNextMajorVersion;
				minimumVersion = 1.1.0;
			};
		};
		7FA644FE287EF493009E76F5 /* XCRemoteSwiftPackageReference "ReSwift" */ = {
			isa = XCRemoteSwiftPackageReference;
			repositoryURL = "https://github.com/ReSwift/ReSwift.git";
			requirement = {
				kind = upToNextMajorVersion;
				minimumVersion = 6.0.0;
			};
		};
		A0B1C2D3E4F5061728394A01 /* XCRemoteSwiftPackageReference "HaishinKit.swift" */ = {
			isa = XCRemoteSwiftPackageReference;
			repositoryURL = "https://github.com/shogo4405/HaishinKit.swift.git";
			requirement = {
				kind = upToNextMajorVersion;
				minimumVersion = 1.9.9;
			};
		};
		A0B1C2D3E4F5061728394A11 /* XCRemoteSwiftPackageReference "youtube-ios-player-helper" */ = {
			isa = XCRemoteSwiftPackageReference;
			repositoryURL = "https://github.com/youtube/youtube-ios-player-helper.git";
			requirement = {
				kind = upToNextMajorVersion;
				minimumVersion = 1.0.4;
			};
		};
/* End XCRemoteSwiftPackageReference section */

/* Begin XCSwiftPackageProductDependency section */
		7F4C22B22869CEE500F29118 /* SwiftGoogleSignIn */ = {
			isa = XCSwiftPackageProductDependency;
			package = 7F4C22B12869CEE500F29118 /* XCRemoteSwiftPackageReference "swift-googlesignin" */;
			productName = SwiftGoogleSignIn;
		};
		7F91D0F5287A80C3007E7A29 /* YTLiveStreaming */ = {
			isa = XCSwiftPackageProductDependency;
			package = 7F91D0F4287A80C3007E7A29 /* XCRemoteSwiftPackageReference "YTLiveStreaming" */;
			productName = YTLiveStreaming;
		};
		7FA644FF287EF493009E76F5 /* ReSwift */ = {
			isa = XCSwiftPackageProductDependency;
			package = 7FA644FE287EF493009E76F5 /* XCRemoteSwiftPackageReference "ReSwift" */;
			productName = ReSwift;
		};
		A0B1C2D3E4F5061728394A02 /* HaishinKit */ = {
			isa = XCSwiftPackageProductDependency;
			package = A0B1C2D3E4F5061728394A01 /* XCRemoteSwiftPackageReference "HaishinKit.swift" */;
			productName = HaishinKit;
		};
		A0B1C2D3E4F5061728394A12 /* YouTubeiOSPlayerHelper */ = {
			isa = XCSwiftPackageProductDependency;
			package = A0B1C2D3E4F5061728394A11 /* XCRemoteSwiftPackageReference "youtube-ios-player-helper" */;
			productName = YouTubeiOSPlayerHelper;
		};
/* End XCSwiftPackageProductDependency section */
	};
	rootObject = 7F9274A01DBDCAD00051DE6B /* Project object */;
}
